{
    "hash": "40ca2a9d3cb6c790fa14df9b9d8cbd25",
    "packages": [
        {
            "name": "etenil/atlatl",
            "version": "0.1",
            "source": {
                "type": "hg",
                "url": "http://pikacode.com/etenil/atlatl",
                "reference": "0.1"
            },
            "require": {
                "php": ">=5.3.0"
            },
            "time": "2013-01-13 00:34:26",
            "type": "library",
            "autoload": {
                "classmap": [
                    "src/"
                ]
            },
            "license": [
                "GPL-3.0+"
            ],
            "authors": [
                {
                    "name": "Guillaume 'Etenil' Pasquet",
                    "email": "boss@etenil.net",
                    "homepage": "http://blog.etenil.net"
                }
            ],
            "description": "A tiny and very simple micro-framework",
            "homepage": "http://pikacode.com/etenil/atlatl",
            "keywords": [
                "framework",
                "micro",
                "gluephp"
            ]
        },
        {
            "name": "gabordemooij/redbean",
            "version": "v3.3.6",
            "source": {
                "type": "git",
                "url": "https://github.com/gabordemooij/redbean.git",
                "reference": "v3.3.6"
            },
            "dist": {
                "type": "zip",
                "url": "https://github.com/gabordemooij/redbean/archive/v3.3.6.zip",
                "reference": "v3.3.6",
                "shasum": ""
            },
            "require": {
                "php": ">=5.2.0"
            },
            "time": "2012-11-16 22:41:24",
            "type": "library",
            "autoload": {
                "psr-0": {
                    "RedBean_": ""
                }
            },
            "notification-url": "https://packagist.org/downloads/",
            "license": [
                "BSD"
            ],
            "authors": [
                {
                    "name": "Gabor de Mooij",
                    "email": "gabordemooij@gmail.com",
                    "homepage": "http://www.redbeanphp.com",
                    "role": "Developer"
                }
            ],
            "description": "Easy ORM for PHP",
            "homepage": "http://github.com/gabordemooij/redbean",
            "keywords": [
                "orm",
                "Object Relational Mapping"
            ]
        }
    ],
    "packages-dev": null,
    "aliases": [

    ],
    "minimum-stability": "stable",
    "stability-flags": [

    ]
}
