{
    "hash": "85ec78b611984f1a26e4ed22e45f4ccb",
    "packages": [
        {
            "name": "etenil/atlatl",
            "version": "0.1",
            "source": {
                "type": "hg",
                "url": "http://pikacode.com/etenil/atlatl",
                "reference": "0.1"
            },
            "require": {
                "php": ">=5.3.0"
            },
            "time": "2013-01-13 00:34:26",
            "type": "library",
            "autoload": {
                "classmap": [
                    "src/"
                ]
            },
            "license": [
                "GPL-3.0+"
            ],
            "authors": [
                {
                    "name": "Guillaume 'Etenil' Pasquet",
                    "email": "boss@etenil.net",
                    "homepage": "http://blog.etenil.net"
                }
            ],
            "description": "A tiny and very simple micro-framework",
            "homepage": "http://pikacode.com/etenil/atlatl",
            "keywords": [
                "framework",
                "micro",
                "gluephp"
            ]
        },
        {
            "name": "gabordemooij/redbean",
            "version": "dev-RedBeanPHP3_3_X",
            "source": {
                "type": "git",
                "url": "https://github.com/Etenil/redbean",
                "reference": "448ef2c77a28bbdc319d70a2cb4cd6b3d8357b26"
            },
            "dist": {
                "type": "zip",
                "url": "https://api.github.com/repos/Etenil/redbean/zipball/448ef2c77a28bbdc319d70a2cb4cd6b3d8357b26",
                "reference": "448ef2c77a28bbdc319d70a2cb4cd6b3d8357b26",
                "shasum": ""
            },
            "require": {
                "php": ">=5.2.0"
            },
            "time": "2013-01-13 15:25:44",
            "type": "library",
            "autoload": {
                "psr-0": {
                    "RedBean_": ""
                }
            },
            "license": [
                "BSD"
            ],
            "authors": [
                {
                    "name": "Gabor de Mooij",
                    "email": "gabordemooij@gmail.com",
                    "homepage": "http://www.redbeanphp.com",
                    "role": "Developer"
                }
            ],
            "description": "Easy ORM for PHP",
            "homepage": "http://github.com/gabordemooij/redbean",
            "keywords": [
                "ORM",
                "Object Relational Mapping"
            ],
            "support": {
                "source": "https://github.com/Etenil/redbean/tree/RedBeanPHP3_3_X"
            }
        }
    ],
    "packages-dev": null,
    "aliases": [

    ],
    "minimum-stability": "stable",
    "stability-flags": {
        "gabordemooij/redbean": 20
    }
}
